
Microsoft Visual Studio Solution File, Format Version 12.00
# Visual Studio Version 17
VisualStudioVersion = 17.2.32519.379
MinimumVisualStudioVersion = 10.0.40219.1
Project("{FAE04EC0-301F-11D3-BF4B-00C04F79EFBC}") = "MotionQueryApplication", "MotionQueryApplication\MotionQueryApplication.csproj", "{9F6FBC9F-EC65-49E7-AAF4-0EEA10AA8F48}"
EndProject
Global
	GlobalSection(SolutionConfigurationPlatforms) = preSolution
		Debug|Any CPU = Debug|Any CPU
		Release|Any CPU = Release|Any CPU
	EndGlobalSection
	GlobalSection(ProjectConfigurationPlatforms) = postSolution
		{9F6FBC9F-EC65-49E7-AAF4-0EEA10AA8F48}.Debug|Any CPU.ActiveCfg = Debug|Any CPU
		{9F6FBC9F-EC65-49E7-AAF4-0EEA10AA8F48}.Debug|Any CPU.Build.0 = Debug|Any CPU
		{9F6FBC9F-EC65-49E7-AAF4-0EEA10AA8F48}.Release|Any CPU.ActiveCfg = Release|Any CPU
		{9F6FBC9F-EC65-49E7-AAF4-0EEA10AA8F48}.Release|Any CPU.Build.0 = Release|Any CPU
	EndGlobalSection
	GlobalSection(SolutionProperties) = preSolution
		HideSolutionNode = FALSE
	EndGlobalSection
	GlobalSection(ExtensibilityGlobals) = postSolution
		SolutionGuid = {4C0DE86E-04CA-47F3-A640-644437FD2B13}
	EndGlobalSection
EndGlobal
