
Microsoft Visual Studio Solution File, Format Version 12.00
# Visual Studio Version 17
VisualStudioVersion = 17.2.32519.379
MinimumVisualStudioVersion = 10.0.40219.1
Project("{FAE04EC0-301F-11D3-BF4B-00C04F79EFBC}") = "Passaparola", "Passaparola\Passaparola.csproj", "{26623AD8-57C6-4F83-A994-7938FB7E6161}"
EndProject
Global
	GlobalSection(SolutionConfigurationPlatforms) = preSolution
		Debug|Any CPU = Debug|Any CPU
		Release|Any CPU = Release|Any CPU
	EndGlobalSection
	GlobalSection(ProjectConfigurationPlatforms) = postSolution
		{26623AD8-57C6-4F83-A994-7938FB7E6161}.Debug|Any CPU.ActiveCfg = Debug|Any CPU
		{26623AD8-57C6-4F83-A994-7938FB7E6161}.Debug|Any CPU.Build.0 = Debug|Any CPU
		{26623AD8-57C6-4F83-A994-7938FB7E6161}.Release|Any CPU.ActiveCfg = Release|Any CPU
		{26623AD8-57C6-4F83-A994-7938FB7E6161}.Release|Any CPU.Build.0 = Release|Any CPU
	EndGlobalSection
	GlobalSection(SolutionProperties) = preSolution
		HideSolutionNode = FALSE
	EndGlobalSection
	GlobalSection(ExtensibilityGlobals) = postSolution
		SolutionGuid = {A699170B-9A9E-4778-A14F-41FEDEA1E881}
	EndGlobalSection
EndGlobal
