
Microsoft Visual Studio Solution File, Format Version 12.00
# Visual Studio Version 17
VisualStudioVersion = 17.2.32519.379
MinimumVisualStudioVersion = 10.0.40219.1
Project("{FAE04EC0-301F-11D3-BF4B-00C04F79EFBC}") = "MovementsOfObjects", "MovementsOfObjects\MovementsOfObjects.csproj", "{9323F249-0BBB-4F3B-B2C9-A2CB21876179}"
EndProject
Global
	GlobalSection(SolutionConfigurationPlatforms) = preSolution
		Debug|Any CPU = Debug|Any CPU
		Release|Any CPU = Release|Any CPU
	EndGlobalSection
	GlobalSection(ProjectConfigurationPlatforms) = postSolution
		{9323F249-0BBB-4F3B-B2C9-A2CB21876179}.Debug|Any CPU.ActiveCfg = Debug|Any CPU
		{9323F249-0BBB-4F3B-B2C9-A2CB21876179}.Debug|Any CPU.Build.0 = Debug|Any CPU
		{9323F249-0BBB-4F3B-B2C9-A2CB21876179}.Release|Any CPU.ActiveCfg = Release|Any CPU
		{9323F249-0BBB-4F3B-B2C9-A2CB21876179}.Release|Any CPU.Build.0 = Release|Any CPU
	EndGlobalSection
	GlobalSection(SolutionProperties) = preSolution
		HideSolutionNode = FALSE
	EndGlobalSection
	GlobalSection(ExtensibilityGlobals) = postSolution
		SolutionGuid = {FDEE6557-C86C-433D-8529-FD14987832ED}
	EndGlobalSection
EndGlobal
